// !$*UTF8*$!
{
	archiveVersion = 1;
	classes = {
	};
	objectVersion = 50;
	objects = {

/* Begin PBXBuildFile section */
		183BAFCC26935FCA00461DDC /* sidebarApp.swift in Sources */ = {isa = PBXBuildFile; fileRef = 183BAFCB26935FCA00461DDC /* sidebarApp.swift */; };
		183BAFCE26935FCA00461DDC /* ContentView.swift in Sources */ = {isa = PBXBuildFile; fileRef = 183BAFCD26935FCA00461DDC /* ContentView.swift */; };
		183BAFD026935FCD00461DDC /* Assets.xcassets in Resources */ = {isa = PBXBuildFile; fileRef = 183BAFCF26935FCD00461DDC /* Assets.xcassets */; };
		183BAFD326935FCD00461DDC /* Preview Assets.xcassets in Resources */ = {isa = PBXBuildFile; fileRef = 183BAFD226935FCD00461DDC /* Preview Assets.xcassets */; };
		183BAFDB269360E900461DDC /* homeVC.swift in Sources */ = {isa = PBXBuildFile; fileRef = 183BAFDA269360E900461DDC /* homeVC.swift */; };
		183BAFDD269360F400461DDC /* tutorialVC.swift in Sources */ = {isa = PBXBuildFile; fileRef = 183BAFDC269360F400461DDC /* tutorialVC.swift */; };
/* End PBXBuildFile section */

/* Begin PBXFileReference section */
		183BAFC826935FCA00461DDC /* sidebar.app */ = {isa = PBXFileReference; explicitFileType = wrapper.application; includeInIndex = 0; path = sidebar.app; sourceTree = BUILT_PRODUCTS_DIR; };
		183BAFCB26935FCA00461DDC /* sidebarApp.swift */ = {isa = PBXFileReference; lastKnownFileType = sourcecode.swift; path = sidebarApp.swift; sourceTree = "<group>"; };
		183BAFCD26935FCA00461DDC /* ContentView.swift */ = {isa = PBXFileReference; lastKnownFileType = sourcecode.swift; path = ContentView.swift; sourceTree = "<group>"; };
		183BAFCF26935FCD00461DDC /* Assets.xcassets */ = {isa = PBXFileReference; lastKnownFileType = folder.assetcatalog; path = Assets.xcassets; sourceTree = "<group>"; };
		183BAFD226935FCD00461DDC /* Preview Assets.xcassets */ = {isa = PBXFileReference; lastKnownFileType = folder.assetcatalog; path = "Preview Assets.xcassets"; sourceTree = "<group>"; };
		183BAFD426935FCD00461DDC /* Info.plist */ = {isa = PBXFileReference; lastKnownFileType = text.plist.xml; path = Info.plist; sourceTree = "<group>"; };
		183BAFDA269360E900461DDC /* homeVC.swift */ = {isa = PBXFileReference; lastKnownFileType = sourcecode.swift; path = homeVC.swift; sourceTree = "<group>"; };
		183BAFDC269360F400461DDC /* tutorialVC.swift */ = {isa = PBXFileReference; lastKnownFileType = sourcecode.swift; path = tutorialVC.swift; sourceTree = "<group>"; };
/* End PBXFileReference section */

/* Begin PBXFrameworksBuildPhase section */
		183BAFC526935FCA00461DDC /* Frameworks */ = {
			isa = PBXFrameworksBuildPhase;
			buildActionMask = 2147483647;
			files = (
			);
			runOnlyForDeploymentPostprocessing = 0;
		};
/* End PBXFrameworksBuildPhase section */

/* Begin PBXGroup section */
		183BAFBF26935FCA00461DDC = {
			isa = PBXGroup;
			children = (
				183BAFCA26935FCA00461DDC /* sidebar */,
				183BAFC926935FCA00461DDC /* Products */,
			);
			sourceTree = "<group>";
		};
		183BAFC926935FCA00461DDC /* Products */ = {
			isa = PBXGroup;
			children = (
				183BAFC826935FCA00461DDC /* sidebar.app */,
			);
			name = Products;
			sourceTree = "<group>";
		};
		183BAFCA26935FCA00461DDC /* sidebar */ = {
			isa = PBXGroup;
			children = (
				183BAFCB26935FCA00461DDC /* sidebarApp.swift */,
				183BAFCD26935FCA00461DDC /* ContentView.swift */,
				183BAFDA269360E900461DDC /* homeVC.swift */,
				183BAFDC269360F400461DDC /* tutorialVC.swift */,
				183BAFCF26935FCD00461DDC /* Assets.xcassets */,
				183BAFD426935FCD00461DDC /* Info.plist */,
				183BAFD126935FCD00461DDC /* Preview Content */,
			);
			path = sidebar;
			sourceTree = "<group>";
		};
		183BAFD126935FCD00461DDC /* Preview Content */ = {
			isa = PBXGroup;
			children = (
				183BAFD226935FCD00461DDC /* Preview Assets.xcassets */,
			);
			path = "Preview Content";
			sourceTree = "<group>";
		};
/* End PBXGroup section */

/* Begin PBXNativeTarget section */
		183BAFC726935FCA00461DDC /* sidebar */ = {
			isa = PBXNativeTarget;
			buildConfigurationList = 183BAFD726935FCD00461DDC /* Build configuration list for PBXNativeTarget "sidebar" */;
			buildPhases = (
				183BAFC426935FCA00461DDC /* Sources */,
				183BAFC526935FCA00461DDC /* Frameworks */,
				183BAFC626935FCA00461DDC /* Resources */,
			);
			buildRules = (
			);
			dependencies = (
			);
			name = sidebar;
			productName = sidebar;
			productReference = 183BAFC826935FCA00461DDC /* sidebar.app */;
			productType = "com.apple.product-type.application";
		};
/* End PBXNativeTarget section */

/* Begin PBXProject section */
		183BAFC026935FCA00461DDC /* Project object */ = {
			isa = PBXProject;
			attributes = {
				LastSwiftUpdateCheck = 1250;
				LastUpgradeCheck = 1250;
				TargetAttributes = {
					183BAFC726935FCA00461DDC = {
						CreatedOnToolsVersion = 12.5.1;
					};
				};
			};
			buildConfigurationList = 183BAFC326935FCA00461DDC /* Build configuration list for PBXProject "sidebar" */;
			compatibilityVersion = "Xcode 9.3";
			developmentRegion = en;
			hasScannedForEncodings = 0;
			knownRegions = (
				en,
				Base,
			);
			mainGroup = 183BAFBF26935FCA00461DDC;
			productRefGroup = 183BAFC926935FCA00461DDC /* Products */;
			projectDirPath = "";
			projectRoot = "";
			targets = (
				183BAFC726935FCA00461DDC /* sidebar */,
			);
		};
/* End PBXProject section */

/* Begin PBXResourcesBuildPhase section */
		183BAFC626935FCA00461DDC /* Resources */ = {
			isa = PBXResourcesBuildPhase;
			buildActionMask = 2147483647;
			files = (
				183BAFD326935FCD00461DDC /* Preview Assets.xcassets in Resources */,
				183BAFD026935FCD00461DDC /* Assets.xcassets in Resources */,
			);
			runOnlyForDeploymentPostprocessing = 0;
		};
/* End PBXResourcesBuildPhase section */

/* Begin PBXSourcesBuildPhase section */
		183BAFC426935FCA00461DDC /* Sources */ = {
			isa = PBXSourcesBuildPhase;
			buildActionMask = 2147483647;
			files = (
				183BAFDD269360F400461DDC /* tutorialVC.swift in Sources */,
				183BAFCE26935FCA00461DDC /* ContentView.swift in Sources */,
				183BAFDB269360E900461DDC /* homeVC.swift in Sources */,
				183BAFCC26935FCA00461DDC /* sidebarApp.swift in Sources */,
			);
			runOnlyForDeploymentPostprocessing = 0;
		};
/* End PBXSourcesBuildPhase section */

/* Begin XCBuildConfiguration section */
		183BAFD526935FCD00461DDC /* Debug */ = {
			isa = XCBuildConfiguration;
			buildSettings = {
				ALWAYS_SEARCH_USER_PATHS = NO;
				CLANG_ANALYZER_NONNULL = YES;
				CLANG_ANALYZER_NUMBER_OBJECT_CONVERSION = YES_AGGRESSIVE;
				CLANG_CXX_LANGUAGE_STANDARD = "gnu++14";
				CLANG_CXX_LIBRARY = "libc++";
				CLANG_ENABLE_MODULES = YES;
				CLANG_ENABLE_OBJC_ARC = YES;
				CLANG_ENABLE_OBJC_WEAK = YES;
				CLANG_WARN_BLOCK_CAPTURE_AUTORELEASING = YES;
				CLANG_WARN_BOOL_CONVERSION = YES;
				CLANG_WARN_COMMA = YES;
				CLANG_WARN_CONSTANT_CONVERSION = YES;
				CLANG_WARN_DEPRECATED_OBJC_IMPLEMENTATIONS = YES;
				CLANG_WARN_DIRECT_OBJC_ISA_USAGE = YES_ERROR;
				CLANG_WARN_DOCUMENTATION_COMMENTS = YES;
				CLANG_WARN_EMPTY_BODY = YES;
				CLANG_WARN_ENUM_CONVERSION = YES;
				CLANG_WARN_INFINITE_RECURSION = YES;
				CLANG_WARN_INT_CONVERSION = YES;
				CLANG_WARN_NON_LITERAL_NULL_CONVERSION = YES;
				CLANG_WARN_OBJC_IMPLICIT_RETAIN_SELF = YES;
				CLANG_WARN_OBJC_LITERAL_CONVERSION = YES;
				CLANG_WARN_OBJC_ROOT_CLASS = YES_ERROR;
				CLANG_WARN_QUOTED_INCLUDE_IN_FRAMEWORK_HEADER = YES;
				CLANG_WARN_RANGE_LOOP_ANALYSIS = YES;
				CLANG_WARN_STRICT_PROTOTYPES = YES;
				CLANG_WARN_SUSPICIOUS_MOVE = YES;
				CLANG_WARN_UNGUARDED_AVAILABILITY = YES_AGGRESSIVE;
				CLANG_WARN_UNREACHABLE_CODE = YES;
				CLANG_WARN__DUPLICATE_METHOD_MATCH = YES;
				COPY_PHASE_STRIP = NO;
				DEBUG_INFORMATION_FORMAT = dwarf;
				ENABLE_STRICT_OBJC_MSGSEND = YES;
				ENABLE_TESTABILITY = YES;
				GCC_C_LANGUAGE_STANDARD = gnu11;
				GCC_DYNAMIC_NO_PIC = NO;
				GCC_NO_COMMON_BLOCKS = YES;
				GCC_OPTIMIZATION_LEVEL = 0;
				GCC_PREPROCESSOR_DEFINITIONS = (
					"DEBUG=1",
					"$(inherited)",
				);
				GCC_WARN_64_TO_32_BIT_CONVERSION = YES;
				GCC_WARN_ABOUT_RETURN_TYPE = YES_ERROR;
				GCC_WARN_UNDECLARED_SELECTOR = YES;
				GCC_WARN_UNINITIALIZED_AUTOS = YES_AGGRESSIVE;
				GCC_WARN_UNUSED_FUNCTION = YES;
				GCC_WARN_UNUSED_VARIABLE = YES;
				IPHONEOS_DEPLOYMENT_TARGET = 14.5;
				MTL_ENABLE_DEBUG_INFO = INCLUDE_SOURCE;
				MTL_FAST_MATH = YES;
				ONLY_ACTIVE_ARCH = YES;
				SDKROOT = iphoneos;
				SWIFT_ACTIVE_COMPILATION_CONDITIONS = DEBUG;
				SWIFT_OPTIMIZATION_LEVEL = "-Onone";
			};
			name = Debug;
		};
		183BAFD626935FCD00461DDC /* Release */ = {
			isa = XCBuildConfiguration;
			buildSettings = {
				ALWAYS_SEARCH_USER_PATHS = NO;
				CLANG_ANALYZER_NONNULL = YES;
				CLANG_ANALYZER_NUMBER_OBJECT_CONVERSION = YES_AGGRESSIVE;
				CLANG_CXX_LANGUAGE_STANDARD = "gnu++14";
				CLANG_CXX_LIBRARY = "libc++";
				CLANG_ENABLE_MODULES = YES;
				CLANG_ENABLE_OBJC_ARC = YES;
				CLANG_ENABLE_OBJC_WEAK = YES;
				CLANG_WARN_BLOCK_CAPTURE_AUTORELEASING = YES;
				CLANG_WARN_BOOL_CONVERSION = YES;
				CLANG_WARN_COMMA = YES;
				CLANG_WARN_CONSTANT_CONVERSION = YES;
				CLANG_WARN_DEPRECATED_OBJC_IMPLEMENTATIONS = YES;
				CLANG_WARN_DIRECT_OBJC_ISA_USAGE = YES_ERROR;
				CLANG_WARN_DOCUMENTATION_COMMENTS = YES;
				CLANG_WARN_EMPTY_BODY = YES;
				CLANG_WARN_ENUM_CONVERSION = YES;
				CLANG_WARN_INFINITE_RECURSION = YES;
				CLANG_WARN_INT_CONVERSION = YES;
				CLANG_WARN_NON_LITERAL_NULL_CONVERSION = YES;
				CLANG_WARN_OBJC_IMPLICIT_RETAIN_SELF = YES;
				CLANG_WARN_OBJC_LITERAL_CONVERSION = YES;
				CLANG_WARN_OBJC_ROOT_CLASS = YES_ERROR;
				CLANG_WARN_QUOTED_INCLUDE_IN_FRAMEWORK_HEADER = YES;
				CLANG_WARN_RANGE_LOOP_ANALYSIS = YES;
				CLANG_WARN_STRICT_PROTOTYPES = YES;
				CLANG_WARN_SUSPICIOUS_MOVE = YES;
				CLANG_WARN_UNGUARDED_AVAILABILITY = YES_AGGRESSIVE;
				CLANG_WARN_UNREACHABLE_CODE = YES;
				CLANG_WARN__DUPLICATE_METHOD_MATCH = YES;
				COPY_PHASE_STRIP = NO;
				DEBUG_INFORMATION_FORMAT = "dwarf-with-dsym";
				ENABLE_NS_ASSERTIONS = NO;
				ENABLE_STRICT_OBJC_MSGSEND = YES;
				GCC_C_LANGUAGE_STANDARD = gnu11;
				GCC_NO_COMMON_BLOCKS = YES;
				GCC_WARN_64_TO_32_BIT_CONVERSION = YES;
				GCC_WARN_ABOUT_RETURN_TYPE = YES_ERROR;
				GCC_WARN_UNDECLARED_SELECTOR = YES;
				GCC_WARN_UNINITIALIZED_AUTOS = YES_AGGRESSIVE;
				GCC_WARN_UNUSED_FUNCTION = YES;
				GCC_WARN_UNUSED_VARIABLE = YES;
				IPHONEOS_DEPLOYMENT_TARGET = 14.5;
				MTL_ENABLE_DEBUG_INFO = NO;
				MTL_FAST_MATH = YES;
				SDKROOT = iphoneos;
				SWIFT_COMPILATION_MODE = wholemodule;
				SWIFT_OPTIMIZATION_LEVEL = "-O";
				VALIDATE_PRODUCT = YES;
			};
			name = Release;
		};
		183BAFD826935FCD00461DDC /* Debug */ = {
			isa = XCBuildConfiguration;
			buildSettings = {
				ASSETCATALOG_COMPILER_APPICON_NAME = AppIcon;
				ASSETCATALOG_COMPILER_GLOBAL_ACCENT_COLOR_NAME = AccentColor;
				CODE_SIGN_STYLE = Automatic;
				DEVELOPMENT_ASSET_PATHS = "\"sidebar/Preview Content\"";
				DEVELOPMENT_TEAM = 4UPUMWZB9M;
				ENABLE_PREVIEWS = YES;
				INFOPLIST_FILE = sidebar/Info.plist;
				IPHONEOS_DEPLOYMENT_TARGET = 14.0;
				LD_RUNPATH_SEARCH_PATHS = (
					"$(inherited)",
					"@executable_path/Frameworks",
				);
				PRODUCT_BUNDLE_IDENTIFIER = com.vipin.sidebar;
				PRODUCT_NAME = "$(TARGET_NAME)";
				SWIFT_VERSION = 5.0;
				TARGETED_DEVICE_FAMILY = "1,2";
			};
			name = Debug;
		};
		183BAFD926935FCD00461DDC /* Release */ = {
			isa = XCBuildConfiguration;
			buildSettings = {
				ASSETCATALOG_COMPILER_APPICON_NAME = AppIcon;
				ASSETCATALOG_COMPILER_GLOBAL_ACCENT_COLOR_NAME = AccentColor;
				CODE_SIGN_STYLE = Automatic;
				DEVELOPMENT_ASSET_PATHS = "\"sidebar/Preview Content\"";
				DEVELOPMENT_TEAM = 4UPUMWZB9M;
				ENABLE_PREVIEWS = YES;
				INFOPLIST_FILE = sidebar/Info.plist;
				IPHONEOS_DEPLOYMENT_TARGET = 14.0;
				LD_RUNPATH_SEARCH_PATHS = (
					"$(inherited)",
					"@executable_path/Frameworks",
				);
				PRODUCT_BUNDLE_IDENTIFIER = com.vipin.sidebar;
				PRODUCT_NAME = "$(TARGET_NAME)";
				SWIFT_VERSION = 5.0;
				TARGETED_DEVICE_FAMILY = "1,2";
			};
			name = Release;
		};
/* End XCBuildConfiguration section */

/* Begin XCConfigurationList section */
		183BAFC326935FCA00461DDC /* Build configuration list for PBXProject "sidebar" */ = {
			isa = XCConfigurationList;
			buildConfigurations = (
				183BAFD526935FCD00461DDC /* Debug */,
				183BAFD626935FCD00461DDC /* Release */,
			);
			defaultConfigurationIsVisible = 0;
			defaultConfigurationName = Release;
		};
		183BAFD726935FCD00461DDC /* Build configuration list for PBXNativeTarget "sidebar" */ = {
			isa = XCConfigurationList;
			buildConfigurations = (
				183BAFD826935FCD00461DDC /* Debug */,
				183BAFD926935FCD00461DDC /* Release */,
			);
			defaultConfigurationIsVisible = 0;
			defaultConfigurationName = Release;
		};
/* End XCConfigurationList section */
	};
	rootObject = 183BAFC026935FCA00461DDC /* Project object */;
}
